
Microsoft Visual Studio Solution File, Format Version 12.00
# Visual Studio 14
VisualStudioVersion = 14.0.24720.0
MinimumVisualStudioVersion = 10.0.40219.1
Project("{FAE04EC0-301F-11D3-BF4B-00C04F79EFBC}") = "VSTSExtensionPackage", "VSTSExtensionPackage\VSTSExtensionPackage.csproj", "{EC7CC6D8-04F1-4A5E-872D-72DF5967B7ED}"
EndProject
Project("{FAE04EC0-301F-11D3-BF4B-00C04F79EFBC}") = "VSTSExt", "VSTSExt\VSTSExt.csproj", "{AF0C49A0-8128-4ECF-8EC1-AB8CC7DAC69F}"
EndProject
Project("{2150E333-8FDC-42A3-9474-1A3956D46DE8}") = "Solution Items", "Solution Items", "{7DF6F887-BBBA-4927-9EDC-0D7DA1819479}"
	ProjectSection(SolutionItems) = preProject
		global.json = global.json
	EndProjectSection
EndProject
Project("{FAE04EC0-301F-11D3-BF4B-00C04F79EFBC}") = "VSTSBuildTask", "VSTSBuildTask\VSTSBuildTask.csproj", "{FCA90B0D-19DB-4C8D-B492-DDD822ADF613}"
EndProject
Project("{FAE04EC0-301F-11D3-BF4B-00C04F79EFBC}") = "BuildReleaseTaskItem", "BuildReleaseTaskItem\BuildReleaseTaskItem.csproj", "{2A0C632A-49DF-4C55-B591-094AD237755F}"
EndProject
Global
	GlobalSection(SolutionConfigurationPlatforms) = preSolution
		Debug|Any CPU = Debug|Any CPU
		Release|Any CPU = Release|Any CPU
	EndGlobalSection
	GlobalSection(ProjectConfigurationPlatforms) = postSolution
		{EC7CC6D8-04F1-4A5E-872D-72DF5967B7ED}.Debug|Any CPU.ActiveCfg = Debug|Any CPU
		{EC7CC6D8-04F1-4A5E-872D-72DF5967B7ED}.Debug|Any CPU.Build.0 = Debug|Any CPU
		{EC7CC6D8-04F1-4A5E-872D-72DF5967B7ED}.Release|Any CPU.ActiveCfg = Release|Any CPU
		{EC7CC6D8-04F1-4A5E-872D-72DF5967B7ED}.Release|Any CPU.Build.0 = Release|Any CPU
		{AF0C49A0-8128-4ECF-8EC1-AB8CC7DAC69F}.Debug|Any CPU.ActiveCfg = Debug|Any CPU
		{AF0C49A0-8128-4ECF-8EC1-AB8CC7DAC69F}.Debug|Any CPU.Build.0 = Debug|Any CPU
		{AF0C49A0-8128-4ECF-8EC1-AB8CC7DAC69F}.Release|Any CPU.ActiveCfg = Release|Any CPU
		{AF0C49A0-8128-4ECF-8EC1-AB8CC7DAC69F}.Release|Any CPU.Build.0 = Release|Any CPU
		{FCA90B0D-19DB-4C8D-B492-DDD822ADF613}.Debug|Any CPU.ActiveCfg = Debug|Any CPU
		{FCA90B0D-19DB-4C8D-B492-DDD822ADF613}.Debug|Any CPU.Build.0 = Debug|Any CPU
		{FCA90B0D-19DB-4C8D-B492-DDD822ADF613}.Release|Any CPU.ActiveCfg = Release|Any CPU
		{FCA90B0D-19DB-4C8D-B492-DDD822ADF613}.Release|Any CPU.Build.0 = Release|Any CPU
		{2A0C632A-49DF-4C55-B591-094AD237755F}.Debug|Any CPU.ActiveCfg = Debug|Any CPU
		{2A0C632A-49DF-4C55-B591-094AD237755F}.Debug|Any CPU.Build.0 = Debug|Any CPU
		{2A0C632A-49DF-4C55-B591-094AD237755F}.Release|Any CPU.ActiveCfg = Release|Any CPU
		{2A0C632A-49DF-4C55-B591-094AD237755F}.Release|Any CPU.Build.0 = Release|Any CPU
	EndGlobalSection
	GlobalSection(SolutionProperties) = preSolution
		HideSolutionNode = FALSE
	EndGlobalSection
EndGlobal
